// !$*UTF8*$!
{
	archiveVersion = 1;
	classes = {
	};
	objectVersion = 50;
	objects = {

/* Begin PBXBuildFile section */
		651B850A24E00C930083A190 /* AppDelegate.swift in Sources */ = {isa = PBXBuildFile; fileRef = 651B850924E00C930083A190 /* AppDelegate.swift */; };
		651B850C24E00C930083A190 /* SceneDelegate.swift in Sources */ = {isa = PBXBuildFile; fileRef = 651B850B24E00C930083A190 /* SceneDelegate.swift */; };
		651B850E24E00C930083A190 /* ContentView.swift in Sources */ = {isa = PBXBuildFile; fileRef = 651B850D24E00C930083A190 /* ContentView.swift */; };
		651B851024E00C930083A190 /* Assets.xcassets in Resources */ = {isa = PBXBuildFile; fileRef = 651B850F24E00C930083A190 /* Assets.xcassets */; };
		651B851324E00C930083A190 /* Preview Assets.xcassets in Resources */ = {isa = PBXBuildFile; fileRef = 651B851224E00C930083A190 /* Preview Assets.xcassets */; };
		651B851624E00C930083A190 /* LaunchScreen.storyboard in Resources */ = {isa = PBXBuildFile; fileRef = 651B851424E00C930083A190 /* LaunchScreen.storyboard */; };
		651B851F24E018BA0083A190 /* NetworkManager.swift in Sources */ = {isa = PBXBuildFile; fileRef = 651B851E24E018BA0083A190 /* NetworkManager.swift */; };
		651B852124E0332B0083A190 /* PostData.swift in Sources */ = {isa = PBXBuildFile; fileRef = 651B852024E0332B0083A190 /* PostData.swift */; };
		651B852424E043DA0083A190 /* DetailsView.swift in Sources */ = {isa = PBXBuildFile; fileRef = 651B852324E043DA0083A190 /* DetailsView.swift */; };
		651B852624E13EA90083A190 /* WebView.swift in Sources */ = {isa = PBXBuildFile; fileRef = 651B852524E13EA90083A190 /* WebView.swift */; };
/* End PBXBuildFile section */

/* Begin PBXFileReference section */
		651B850624E00C930083A190 /* HackerNews.app */ = {isa = PBXFileReference; explicitFileType = wrapper.application; includeInIndex = 0; path = HackerNews.app; sourceTree = BUILT_PRODUCTS_DIR; };
		651B850924E00C930083A190 /* AppDelegate.swift */ = {isa = PBXFileReference; lastKnownFileType = sourcecode.swift; path = AppDelegate.swift; sourceTree = "<group>"; };
		651B850B24E00C930083A190 /* SceneDelegate.swift */ = {isa = PBXFileReference; lastKnownFileType = sourcecode.swift; path = SceneDelegate.swift; sourceTree = "<group>"; };
		651B850D24E00C930083A190 /* ContentView.swift */ = {isa = PBXFileReference; lastKnownFileType = sourcecode.swift; path = ContentView.swift; sourceTree = "<group>"; };
		651B850F24E00C930083A190 /* Assets.xcassets */ = {isa = PBXFileReference; lastKnownFileType = folder.assetcatalog; path = Assets.xcassets; sourceTree = "<group>"; };
		651B851224E00C930083A190 /* Preview Assets.xcassets */ = {isa = PBXFileReference; lastKnownFileType = folder.assetcatalog; path = "Preview Assets.xcassets"; sourceTree = "<group>"; };
		651B851524E00C930083A190 /* Base */ = {isa = PBXFileReference; lastKnownFileType = file.storyboard; name = Base; path = Base.lproj/LaunchScreen.storyboard; sourceTree = "<group>"; };
		651B851724E00C930083A190 /* Info.plist */ = {isa = PBXFileReference; lastKnownFileType = text.plist.xml; path = Info.plist; sourceTree = "<group>"; };
		651B851E24E018BA0083A190 /* NetworkManager.swift */ = {isa = PBXFileReference; lastKnownFileType = sourcecode.swift; path = NetworkManager.swift; sourceTree = "<group>"; };
		651B852024E0332B0083A190 /* PostData.swift */ = {isa = PBXFileReference; lastKnownFileType = sourcecode.swift; path = PostData.swift; sourceTree = "<group>"; };
		651B852324E043DA0083A190 /* DetailsView.swift */ = {isa = PBXFileReference; lastKnownFileType = sourcecode.swift; path = DetailsView.swift; sourceTree = "<group>"; };
		651B852524E13EA90083A190 /* WebView.swift */ = {isa = PBXFileReference; lastKnownFileType = sourcecode.swift; path = WebView.swift; sourceTree = "<group>"; };
/* End PBXFileReference section */

/* Begin PBXFrameworksBuildPhase section */
		651B850324E00C930083A190 /* Frameworks */ = {
			isa = PBXFrameworksBuildPhase;
			buildActionMask = 2147483647;
			files = (
			);
			runOnlyForDeploymentPostprocessing = 0;
		};
/* End PBXFrameworksBuildPhase section */

/* Begin PBXGroup section */
		651B84FD24E00C930083A190 = {
			isa = PBXGroup;
			children = (
				651B850824E00C930083A190 /* HackerNews */,
				651B850724E00C930083A190 /* Products */,
			);
			sourceTree = "<group>";
		};
		651B850724E00C930083A190 /* Products */ = {
			isa = PBXGroup;
			children = (
				651B850624E00C930083A190 /* HackerNews.app */,
			);
			name = Products;
			sourceTree = "<group>";
		};
		651B850824E00C930083A190 /* HackerNews */ = {
			isa = PBXGroup;
			children = (
				651B851D24E018A90083A190 /* Models */,
				651B850924E00C930083A190 /* AppDelegate.swift */,
				651B850B24E00C930083A190 /* SceneDelegate.swift */,
				651B852224E043B00083A190 /* Views */,
				651B850F24E00C930083A190 /* Assets.xcassets */,
				651B851424E00C930083A190 /* LaunchScreen.storyboard */,
				651B851724E00C930083A190 /* Info.plist */,
				651B851124E00C930083A190 /* Preview Content */,
			);
			path = HackerNews;
			sourceTree = "<group>";
		};
		651B851124E00C930083A190 /* Preview Content */ = {
			isa = PBXGroup;
			children = (
				651B851224E00C930083A190 /* Preview Assets.xcassets */,
			);
			path = "Preview Content";
			sourceTree = "<group>";
		};
		651B851D24E018A90083A190 /* Models */ = {
			isa = PBXGroup;
			children = (
				651B851E24E018BA0083A190 /* NetworkManager.swift */,
				651B852024E0332B0083A190 /* PostData.swift */,
			);
			path = Models;
			sourceTree = "<group>";
		};
		651B852224E043B00083A190 /* Views */ = {
			isa = PBXGroup;
			children = (
				651B850D24E00C930083A190 /* ContentView.swift */,
				651B852324E043DA0083A190 /* DetailsView.swift */,
				651B852524E13EA90083A190 /* WebView.swift */,
			);
			path = Views;
			sourceTree = "<group>";
		};
/* End PBXGroup section */

/* Begin PBXNativeTarget section */
		651B850524E00C930083A190 /* HackerNews */ = {
			isa = PBXNativeTarget;
			buildConfigurationList = 651B851A24E00C930083A190 /* Build configuration list for PBXNativeTarget "HackerNews" */;
			buildPhases = (
				651B850224E00C930083A190 /* Sources */,
				651B850324E00C930083A190 /* Frameworks */,
				651B850424E00C930083A190 /* Resources */,
			);
			buildRules = (
			);
			dependencies = (
			);
			name = HackerNews;
			productName = HackerNews;
			productReference = 651B850624E00C930083A190 /* HackerNews.app */;
			productType = "com.apple.product-type.application";
		};
/* End PBXNativeTarget section */

/* Begin PBXProject section */
		651B84FE24E00C930083A190 /* Project object */ = {
			isa = PBXProject;
			attributes = {
				LastSwiftUpdateCheck = 1160;
				LastUpgradeCheck = 1160;
				ORGANIZATIONNAME = "Qasem Zreaq";
				TargetAttributes = {
					651B850524E00C930083A190 = {
						CreatedOnToolsVersion = 11.6;
					};
				};
			};
			buildConfigurationList = 651B850124E00C930083A190 /* Build configuration list for PBXProject "HackerNews" */;
			compatibilityVersion = "Xcode 9.3";
			developmentRegion = en;
			hasScannedForEncodings = 0;
			knownRegions = (
				en,
				Base,
			);
			mainGroup = 651B84FD24E00C930083A190;
			productRefGroup = 651B850724E00C930083A190 /* Products */;
			projectDirPath = "";
			projectRoot = "";
			targets = (
				651B850524E00C930083A190 /* HackerNews */,
			);
		};
/* End PBXProject section */

/* Begin PBXResourcesBuildPhase section */
		651B850424E00C930083A190 /* Resources */ = {
			isa = PBXResourcesBuildPhase;
			buildActionMask = 2147483647;
			files = (
				651B851624E00C930083A190 /* LaunchScreen.storyboard in Resources */,
				651B851324E00C930083A190 /* Preview Assets.xcassets in Resources */,
				651B851024E00C930083A190 /* Assets.xcassets in Resources */,
			);
			runOnlyForDeploymentPostprocessing = 0;
		};
/* End PBXResourcesBuildPhase section */

/* Begin PBXSourcesBuildPhase section */
		651B850224E00C930083A190 /* Sources */ = {
			isa = PBXSourcesBuildPhase;
			buildActionMask = 2147483647;
			files = (
				651B852124E0332B0083A190 /* PostData.swift in Sources */,
				651B851F24E018BA0083A190 /* NetworkManager.swift in Sources */,
				651B850A24E00C930083A190 /* AppDelegate.swift in Sources */,
				651B850C24E00C930083A190 /* SceneDelegate.swift in Sources */,
				651B850E24E00C930083A190 /* ContentView.swift in Sources */,
				651B852424E043DA0083A190 /* DetailsView.swift in Sources */,
				651B852624E13EA90083A190 /* WebView.swift in Sources */,
			);
			runOnlyForDeploymentPostprocessing = 0;
		};
/* End PBXSourcesBuildPhase section */

/* Begin PBXVariantGroup section */
		651B851424E00C930083A190 /* LaunchScreen.storyboard */ = {
			isa = PBXVariantGroup;
			children = (
				651B851524E00C930083A190 /* Base */,
			);
			name = LaunchScreen.storyboard;
			sourceTree = "<group>";
		};
/* End PBXVariantGroup section */

/* Begin XCBuildConfiguration section */
		651B851824E00C930083A190 /* Debug */ = {
			isa = XCBuildConfiguration;
			buildSettings = {
				ALWAYS_SEARCH_USER_PATHS = NO;
				CLANG_ANALYZER_NONNULL = YES;
				CLANG_ANALYZER_NUMBER_OBJECT_CONVERSION = YES_AGGRESSIVE;
				CLANG_CXX_LANGUAGE_STANDARD = "gnu++14";
				CLANG_CXX_LIBRARY = "libc++";
				CLANG_ENABLE_MODULES = YES;
				CLANG_ENABLE_OBJC_ARC = YES;
				CLANG_ENABLE_OBJC_WEAK = YES;
				CLANG_WARN_BLOCK_CAPTURE_AUTORELEASING = YES;
				CLANG_WARN_BOOL_CONVERSION = YES;
				CLANG_WARN_COMMA = YES;
				CLANG_WARN_CONSTANT_CONVERSION = YES;
				CLANG_WARN_DEPRECATED_OBJC_IMPLEMENTATIONS = YES;
				CLANG_WARN_DIRECT_OBJC_ISA_USAGE = YES_ERROR;
				CLANG_WARN_DOCUMENTATION_COMMENTS = YES;
				CLANG_WARN_EMPTY_BODY = YES;
				CLANG_WARN_ENUM_CONVERSION = YES;
				CLANG_WARN_INFINITE_RECURSION = YES;
				CLANG_WARN_INT_CONVERSION = YES;
				CLANG_WARN_NON_LITERAL_NULL_CONVERSION = YES;
				CLANG_WARN_OBJC_IMPLICIT_RETAIN_SELF = YES;
				CLANG_WARN_OBJC_LITERAL_CONVERSION = YES;
				CLANG_WARN_OBJC_ROOT_CLASS = YES_ERROR;
				CLANG_WARN_RANGE_LOOP_ANALYSIS = YES;
				CLANG_WARN_STRICT_PROTOTYPES = YES;
				CLANG_WARN_SUSPICIOUS_MOVE = YES;
				CLANG_WARN_UNGUARDED_AVAILABILITY = YES_AGGRESSIVE;
				CLANG_WARN_UNREACHABLE_CODE = YES;
				CLANG_WARN__DUPLICATE_METHOD_MATCH = YES;
				COPY_PHASE_STRIP = NO;
				DEBUG_INFORMATION_FORMAT = dwarf;
				ENABLE_STRICT_OBJC_MSGSEND = YES;
				ENABLE_TESTABILITY = YES;
				GCC_C_LANGUAGE_STANDARD = gnu11;
				GCC_DYNAMIC_NO_PIC = NO;
				GCC_NO_COMMON_BLOCKS = YES;
				GCC_OPTIMIZATION_LEVEL = 0;
				GCC_PREPROCESSOR_DEFINITIONS = (
					"DEBUG=1",
					"$(inherited)",
				);
				GCC_WARN_64_TO_32_BIT_CONVERSION = YES;
				GCC_WARN_ABOUT_RETURN_TYPE = YES_ERROR;
				GCC_WARN_UNDECLARED_SELECTOR = YES;
				GCC_WARN_UNINITIALIZED_AUTOS = YES_AGGRESSIVE;
				GCC_WARN_UNUSED_FUNCTION = YES;
				GCC_WARN_UNUSED_VARIABLE = YES;
				IPHONEOS_DEPLOYMENT_TARGET = 13.6;
				MTL_ENABLE_DEBUG_INFO = INCLUDE_SOURCE;
				MTL_FAST_MATH = YES;
				ONLY_ACTIVE_ARCH = YES;
				SDKROOT = iphoneos;
				SWIFT_ACTIVE_COMPILATION_CONDITIONS = DEBUG;
				SWIFT_OPTIMIZATION_LEVEL = "-Onone";
			};
			name = Debug;
		};
		651B851924E00C930083A190 /* Release */ = {
			isa = XCBuildConfiguration;
			buildSettings = {
				ALWAYS_SEARCH_USER_PATHS = NO;
				CLANG_ANALYZER_NONNULL = YES;
				CLANG_ANALYZER_NUMBER_OBJECT_CONVERSION = YES_AGGRESSIVE;
				CLANG_CXX_LANGUAGE_STANDARD = "gnu++14";
				CLANG_CXX_LIBRARY = "libc++";
				CLANG_ENABLE_MODULES = YES;
				CLANG_ENABLE_OBJC_ARC = YES;
				CLANG_ENABLE_OBJC_WEAK = YES;
				CLANG_WARN_BLOCK_CAPTURE_AUTORELEASING = YES;
				CLANG_WARN_BOOL_CONVERSION = YES;
				CLANG_WARN_COMMA = YES;
				CLANG_WARN_CONSTANT_CONVERSION = YES;
				CLANG_WARN_DEPRECATED_OBJC_IMPLEMENTATIONS = YES;
				CLANG_WARN_DIRECT_OBJC_ISA_USAGE = YES_ERROR;
				CLANG_WARN_DOCUMENTATION_COMMENTS = YES;
				CLANG_WARN_EMPTY_BODY = YES;
				CLANG_WARN_ENUM_CONVERSION = YES;
				CLANG_WARN_INFINITE_RECURSION = YES;
				CLANG_WARN_INT_CONVERSION = YES;
				CLANG_WARN_NON_LITERAL_NULL_CONVERSION = YES;
				CLANG_WARN_OBJC_IMPLICIT_RETAIN_SELF = YES;
				CLANG_WARN_OBJC_LITERAL_CONVERSION = YES;
				CLANG_WARN_OBJC_ROOT_CLASS = YES_ERROR;
				CLANG_WARN_RANGE_LOOP_ANALYSIS = YES;
				CLANG_WARN_STRICT_PROTOTYPES = YES;
				CLANG_WARN_SUSPICIOUS_MOVE = YES;
				CLANG_WARN_UNGUARDED_AVAILABILITY = YES_AGGRESSIVE;
				CLANG_WARN_UNREACHABLE_CODE = YES;
				CLANG_WARN__DUPLICATE_METHOD_MATCH = YES;
				COPY_PHASE_STRIP = NO;
				DEBUG_INFORMATION_FORMAT = "dwarf-with-dsym";
				ENABLE_NS_ASSERTIONS = NO;
				ENABLE_STRICT_OBJC_MSGSEND = YES;
				GCC_C_LANGUAGE_STANDARD = gnu11;
				GCC_NO_COMMON_BLOCKS = YES;
				GCC_WARN_64_TO_32_BIT_CONVERSION = YES;
				GCC_WARN_ABOUT_RETURN_TYPE = YES_ERROR;
				GCC_WARN_UNDECLARED_SELECTOR = YES;
				GCC_WARN_UNINITIALIZED_AUTOS = YES_AGGRESSIVE;
				GCC_WARN_UNUSED_FUNCTION = YES;
				GCC_WARN_UNUSED_VARIABLE = YES;
				IPHONEOS_DEPLOYMENT_TARGET = 13.6;
				MTL_ENABLE_DEBUG_INFO = NO;
				MTL_FAST_MATH = YES;
				SDKROOT = iphoneos;
				SWIFT_COMPILATION_MODE = wholemodule;
				SWIFT_OPTIMIZATION_LEVEL = "-O";
				VALIDATE_PRODUCT = YES;
			};
			name = Release;
		};
		651B851B24E00C930083A190 /* Debug */ = {
			isa = XCBuildConfiguration;
			buildSettings = {
				ASSETCATALOG_COMPILER_APPICON_NAME = AppIcon;
				CODE_SIGN_STYLE = Automatic;
				DEVELOPMENT_ASSET_PATHS = "\"HackerNews/Preview Content\"";
				DEVELOPMENT_TEAM = LFJP38VF5Y;
				ENABLE_PREVIEWS = YES;
				INFOPLIST_FILE = HackerNews/Info.plist;
				LD_RUNPATH_SEARCH_PATHS = (
					"$(inherited)",
					"@executable_path/Frameworks",
				);
				PRODUCT_BUNDLE_IDENTIFIER = com.qasem.HackerNews;
				PRODUCT_NAME = "$(TARGET_NAME)";
				SWIFT_VERSION = 5.0;
				TARGETED_DEVICE_FAMILY = "1,2";
			};
			name = Debug;
		};
		651B851C24E00C930083A190 /* Release */ = {
			isa = XCBuildConfiguration;
			buildSettings = {
				ASSETCATALOG_COMPILER_APPICON_NAME = AppIcon;
				CODE_SIGN_STYLE = Automatic;
				DEVELOPMENT_ASSET_PATHS = "\"HackerNews/Preview Content\"";
				DEVELOPMENT_TEAM = LFJP38VF5Y;
				ENABLE_PREVIEWS = YES;
				INFOPLIST_FILE = HackerNews/Info.plist;
				LD_RUNPATH_SEARCH_PATHS = (
					"$(inherited)",
					"@executable_path/Frameworks",
				);
				PRODUCT_BUNDLE_IDENTIFIER = com.qasem.HackerNews;
				PRODUCT_NAME = "$(TARGET_NAME)";
				SWIFT_VERSION = 5.0;
				TARGETED_DEVICE_FAMILY = "1,2";
			};
			name = Release;
		};
/* End XCBuildConfiguration section */

/* Begin XCConfigurationList section */
		651B850124E00C930083A190 /* Build configuration list for PBXProject "HackerNews" */ = {
			isa = XCConfigurationList;
			buildConfigurations = (
				651B851824E00C930083A190 /* Debug */,
				651B851924E00C930083A190 /* Release */,
			);
			defaultConfigurationIsVisible = 0;
			defaultConfigurationName = Release;
		};
		651B851A24E00C930083A190 /* Build configuration list for PBXNativeTarget "HackerNews" */ = {
			isa = XCConfigurationList;
			buildConfigurations = (
				651B851B24E00C930083A190 /* Debug */,
				651B851C24E00C930083A190 /* Release */,
			);
			defaultConfigurationIsVisible = 0;
			defaultConfigurationName = Release;
		};
/* End XCConfigurationList section */
	};
	rootObject = 651B84FE24E00C930083A190 /* Project object */;
}
